
Microsoft Visual Studio Solution File, Format Version 12.00
# Visual Studio Version 16
VisualStudioVersion = 16.0.30114.105
MinimumVisualStudioVersion = 10.0.40219.1
Project("{9A19103F-16F7-4668-BE54-9A1E7A4F7556}") = "TopLoggerPlus", "TopLoggerPlus\TopLoggerPlus.csproj", "{E8ABF9F5-C759-4900-B902-4A9F151A2407}"
EndProject
Project("{FAE04EC0-301F-11D3-BF4B-00C04F79EFBC}") = "ConsoleApp1", "ConsoleApp1\ConsoleApp1.csproj", "{CEFFCE57-BB08-48F8-BC96-901E6D8615ED}"
EndProject
Project("{FAE04EC0-301F-11D3-BF4B-00C04F79EFBC}") = "TopLoggerPlus.Logic", "TopLoggerPlus.Logic\TopLoggerPlus.Logic.csproj", "{8D084BD2-4EBA-40F6-9AE0-0B05A4B430BC}"
EndProject
Global
	GlobalSection(SolutionConfigurationPlatforms) = preSolution
		Debug|Any CPU = Debug|Any CPU
		Release|Any CPU = Release|Any CPU
	EndGlobalSection
	GlobalSection(ProjectConfigurationPlatforms) = postSolution
		{E8ABF9F5-C759-4900-B902-4A9F151A2407}.Debug|Any CPU.ActiveCfg = Debug|Any CPU
		{E8ABF9F5-C759-4900-B902-4A9F151A2407}.Debug|Any CPU.Build.0 = Debug|Any CPU
		{E8ABF9F5-C759-4900-B902-4A9F151A2407}.Release|Any CPU.ActiveCfg = Release|Any CPU
		{E8ABF9F5-C759-4900-B902-4A9F151A2407}.Release|Any CPU.Build.0 = Release|Any CPU
		{CEFFCE57-BB08-48F8-BC96-901E6D8615ED}.Debug|Any CPU.ActiveCfg = Debug|Any CPU
		{CEFFCE57-BB08-48F8-BC96-901E6D8615ED}.Debug|Any CPU.Build.0 = Debug|Any CPU
		{CEFFCE57-BB08-48F8-BC96-901E6D8615ED}.Release|Any CPU.ActiveCfg = Release|Any CPU
		{CEFFCE57-BB08-48F8-BC96-901E6D8615ED}.Release|Any CPU.Build.0 = Release|Any CPU
		{8D084BD2-4EBA-40F6-9AE0-0B05A4B430BC}.Debug|Any CPU.ActiveCfg = Debug|Any CPU
		{8D084BD2-4EBA-40F6-9AE0-0B05A4B430BC}.Debug|Any CPU.Build.0 = Debug|Any CPU
		{8D084BD2-4EBA-40F6-9AE0-0B05A4B430BC}.Release|Any CPU.ActiveCfg = Release|Any CPU
		{8D084BD2-4EBA-40F6-9AE0-0B05A4B430BC}.Release|Any CPU.Build.0 = Release|Any CPU
	EndGlobalSection
	GlobalSection(SolutionProperties) = preSolution
		HideSolutionNode = FALSE
	EndGlobalSection
	GlobalSection(ExtensibilityGlobals) = postSolution
		SolutionGuid = {A20BE3E2-6D2B-42AB-A98C-C826A2148466}
	EndGlobalSection
EndGlobal
