
Microsoft Visual Studio Solution File, Format Version 12.00
# Visual Studio Version 17
VisualStudioVersion = 17.0.31912.275
MinimumVisualStudioVersion = 16.0.0.0
Project("{9A19103F-16F7-4668-BE54-9A1E7A4F7556}") = "TopLoggerPlus.Mobile", "Legacy\TopLoggerPlus.Mobile\TopLoggerPlus.Mobile.csproj", "{425E1B2E-0B03-4DE7-85E9-BD1C0FCBB94B}"
EndProject
Project("{FAE04EC0-301F-11D3-BF4B-00C04F79EFBC}") = "TopLoggerPlus.Mobile.Android", "Legacy\TopLoggerPlus.Mobile.Android\TopLoggerPlus.Mobile.Android.csproj", "{A98C8306-D566-46CF-9340-5A749731BC5F}"
EndProject
Project("{9A19103F-16F7-4668-BE54-9A1E7A4F7556}") = "TopLoggerPlus.Logic", "Legacy\TopLoggerPlus.Logic\TopLoggerPlus.Logic.csproj", "{4F362209-B2ED-4F44-917E-2E37D3FF71B3}"
EndProject
Project("{9A19103F-16F7-4668-BE54-9A1E7A4F7556}") = "TopLoggerPlus.ApiWrapper", "Legacy\TopLoggerPlus.ApiWrapper\TopLoggerPlus.ApiWrapper.csproj", "{2F8CD919-10AE-4DE1-B9AF-CAE9074C2174}"
EndProject
Project("{9A19103F-16F7-4668-BE54-9A1E7A4F7556}") = "TopLoggerPlus.Mobile.Windows", "Legacy\TopLoggerPlus.Mobile.Windows\TopLoggerPlus.Mobile.Windows.csproj", "{B8110678-73CB-40C6-AE1C-322C5F343EAA}"
EndProject
Project("{2150E333-8FDC-42A3-9474-1A3956D46DE8}") = "Legacy", "Legacy", "{ADAA576D-011D-48EF-BA0F-1F9D03833D7E}"
EndProject
Project("{2150E333-8FDC-42A3-9474-1A3956D46DE8}") = "Shared", "Shared", "{891A48AA-DA43-49D4-A499-3124561E7CD9}"
EndProject
Project("{9A19103F-16F7-4668-BE54-9A1E7A4F7556}") = "TopLoggerPlus.Contracts", "Shared\TopLoggerPlus.Contracts\TopLoggerPlus.Contracts.csproj", "{472645BB-BB11-4CC2-87AA-D43A47F2E429}"
EndProject
Project("{2150E333-8FDC-42A3-9474-1A3956D46DE8}") = "Tools", "Tools", "{F77673CD-4DBC-4FF4-A525-44A1B34FA951}"
EndProject
Project("{9A19103F-16F7-4668-BE54-9A1E7A4F7556}") = "TopLoggerPlus.TestConsole", "Tools\TopLoggerPlus.TestConsole\TopLoggerPlus.TestConsole.csproj", "{35D42CD5-384E-4586-8C00-D8EE2DAE089D}"
EndProject
Project("{2150E333-8FDC-42A3-9474-1A3956D46DE8}") = "Services", "Services", "{1001A0F3-B53F-4A10-A867-D12E08500EC3}"
EndProject
Project("{2150E333-8FDC-42A3-9474-1A3956D46DE8}") = "App", "App", "{75AD0613-0CE3-462F-9489-DB08E631109B}"
EndProject
Project("{9A19103F-16F7-4668-BE54-9A1E7A4F7556}") = "TopLoggerPlus.App", "Services\App\TopLoggerPlus.App\TopLoggerPlus.App.csproj", "{69E528E2-1D11-417C-AA0C-FBEDE08CF1C2}"
EndProject
Global
	GlobalSection(SolutionConfigurationPlatforms) = preSolution
		Debug|Any CPU = Debug|Any CPU
		Debug|iPhone = Debug|iPhone
		Debug|iPhoneSimulator = Debug|iPhoneSimulator
		Debug|x64 = Debug|x64
		Debug|x86 = Debug|x86
		Release|Any CPU = Release|Any CPU
		Release|iPhone = Release|iPhone
		Release|iPhoneSimulator = Release|iPhoneSimulator
		Release|x64 = Release|x64
		Release|x86 = Release|x86
	EndGlobalSection
	GlobalSection(ProjectConfigurationPlatforms) = postSolution
		{425E1B2E-0B03-4DE7-85E9-BD1C0FCBB94B}.Debug|Any CPU.ActiveCfg = Debug|Any CPU
		{425E1B2E-0B03-4DE7-85E9-BD1C0FCBB94B}.Debug|Any CPU.Build.0 = Debug|Any CPU
		{425E1B2E-0B03-4DE7-85E9-BD1C0FCBB94B}.Debug|iPhone.ActiveCfg = Debug|Any CPU
		{425E1B2E-0B03-4DE7-85E9-BD1C0FCBB94B}.Debug|iPhone.Build.0 = Debug|Any CPU
		{425E1B2E-0B03-4DE7-85E9-BD1C0FCBB94B}.Debug|iPhoneSimulator.ActiveCfg = Debug|Any CPU
		{425E1B2E-0B03-4DE7-85E9-BD1C0FCBB94B}.Debug|iPhoneSimulator.Build.0 = Debug|Any CPU
		{425E1B2E-0B03-4DE7-85E9-BD1C0FCBB94B}.Debug|x64.ActiveCfg = Debug|Any CPU
		{425E1B2E-0B03-4DE7-85E9-BD1C0FCBB94B}.Debug|x64.Build.0 = Debug|Any CPU
		{425E1B2E-0B03-4DE7-85E9-BD1C0FCBB94B}.Debug|x86.ActiveCfg = Debug|Any CPU
		{425E1B2E-0B03-4DE7-85E9-BD1C0FCBB94B}.Debug|x86.Build.0 = Debug|Any CPU
		{425E1B2E-0B03-4DE7-85E9-BD1C0FCBB94B}.Release|Any CPU.ActiveCfg = Release|Any CPU
		{425E1B2E-0B03-4DE7-85E9-BD1C0FCBB94B}.Release|Any CPU.Build.0 = Release|Any CPU
		{425E1B2E-0B03-4DE7-85E9-BD1C0FCBB94B}.Release|iPhone.ActiveCfg = Release|Any CPU
		{425E1B2E-0B03-4DE7-85E9-BD1C0FCBB94B}.Release|iPhone.Build.0 = Release|Any CPU
		{425E1B2E-0B03-4DE7-85E9-BD1C0FCBB94B}.Release|iPhoneSimulator.ActiveCfg = Release|Any CPU
		{425E1B2E-0B03-4DE7-85E9-BD1C0FCBB94B}.Release|iPhoneSimulator.Build.0 = Release|Any CPU
		{425E1B2E-0B03-4DE7-85E9-BD1C0FCBB94B}.Release|x64.ActiveCfg = Release|Any CPU
		{425E1B2E-0B03-4DE7-85E9-BD1C0FCBB94B}.Release|x64.Build.0 = Release|Any CPU
		{425E1B2E-0B03-4DE7-85E9-BD1C0FCBB94B}.Release|x86.ActiveCfg = Release|Any CPU
		{425E1B2E-0B03-4DE7-85E9-BD1C0FCBB94B}.Release|x86.Build.0 = Release|Any CPU
		{A98C8306-D566-46CF-9340-5A749731BC5F}.Debug|Any CPU.ActiveCfg = Debug|Any CPU
		{A98C8306-D566-46CF-9340-5A749731BC5F}.Debug|Any CPU.Build.0 = Debug|Any CPU
		{A98C8306-D566-46CF-9340-5A749731BC5F}.Debug|Any CPU.Deploy.0 = Debug|Any CPU
		{A98C8306-D566-46CF-9340-5A749731BC5F}.Debug|iPhone.ActiveCfg = Debug|Any CPU
		{A98C8306-D566-46CF-9340-5A749731BC5F}.Debug|iPhone.Build.0 = Debug|Any CPU
		{A98C8306-D566-46CF-9340-5A749731BC5F}.Debug|iPhone.Deploy.0 = Debug|Any CPU
		{A98C8306-D566-46CF-9340-5A749731BC5F}.Debug|iPhoneSimulator.ActiveCfg = Debug|Any CPU
		{A98C8306-D566-46CF-9340-5A749731BC5F}.Debug|iPhoneSimulator.Build.0 = Debug|Any CPU
		{A98C8306-D566-46CF-9340-5A749731BC5F}.Debug|iPhoneSimulator.Deploy.0 = Debug|Any CPU
		{A98C8306-D566-46CF-9340-5A749731BC5F}.Debug|x64.ActiveCfg = Debug|Any CPU
		{A98C8306-D566-46CF-9340-5A749731BC5F}.Debug|x64.Build.0 = Debug|Any CPU
		{A98C8306-D566-46CF-9340-5A749731BC5F}.Debug|x64.Deploy.0 = Debug|Any CPU
		{A98C8306-D566-46CF-9340-5A749731BC5F}.Debug|x86.ActiveCfg = Debug|Any CPU
		{A98C8306-D566-46CF-9340-5A749731BC5F}.Debug|x86.Build.0 = Debug|Any CPU
		{A98C8306-D566-46CF-9340-5A749731BC5F}.Debug|x86.Deploy.0 = Debug|Any CPU
		{A98C8306-D566-46CF-9340-5A749731BC5F}.Release|Any CPU.ActiveCfg = Release|Any CPU
		{A98C8306-D566-46CF-9340-5A749731BC5F}.Release|Any CPU.Build.0 = Release|Any CPU
		{A98C8306-D566-46CF-9340-5A749731BC5F}.Release|Any CPU.Deploy.0 = Release|Any CPU
		{A98C8306-D566-46CF-9340-5A749731BC5F}.Release|iPhone.ActiveCfg = Release|Any CPU
		{A98C8306-D566-46CF-9340-5A749731BC5F}.Release|iPhone.Build.0 = Release|Any CPU
		{A98C8306-D566-46CF-9340-5A749731BC5F}.Release|iPhone.Deploy.0 = Release|Any CPU
		{A98C8306-D566-46CF-9340-5A749731BC5F}.Release|iPhoneSimulator.ActiveCfg = Release|Any CPU
		{A98C8306-D566-46CF-9340-5A749731BC5F}.Release|iPhoneSimulator.Build.0 = Release|Any CPU
		{A98C8306-D566-46CF-9340-5A749731BC5F}.Release|iPhoneSimulator.Deploy.0 = Release|Any CPU
		{A98C8306-D566-46CF-9340-5A749731BC5F}.Release|x64.ActiveCfg = Release|Any CPU
		{A98C8306-D566-46CF-9340-5A749731BC5F}.Release|x64.Build.0 = Release|Any CPU
		{A98C8306-D566-46CF-9340-5A749731BC5F}.Release|x64.Deploy.0 = Release|Any CPU
		{A98C8306-D566-46CF-9340-5A749731BC5F}.Release|x86.ActiveCfg = Release|Any CPU
		{A98C8306-D566-46CF-9340-5A749731BC5F}.Release|x86.Build.0 = Release|Any CPU
		{A98C8306-D566-46CF-9340-5A749731BC5F}.Release|x86.Deploy.0 = Release|Any CPU
		{4F362209-B2ED-4F44-917E-2E37D3FF71B3}.Debug|Any CPU.ActiveCfg = Debug|Any CPU
		{4F362209-B2ED-4F44-917E-2E37D3FF71B3}.Debug|Any CPU.Build.0 = Debug|Any CPU
		{4F362209-B2ED-4F44-917E-2E37D3FF71B3}.Debug|iPhone.ActiveCfg = Debug|Any CPU
		{4F362209-B2ED-4F44-917E-2E37D3FF71B3}.Debug|iPhone.Build.0 = Debug|Any CPU
		{4F362209-B2ED-4F44-917E-2E37D3FF71B3}.Debug|iPhoneSimulator.ActiveCfg = Debug|Any CPU
		{4F362209-B2ED-4F44-917E-2E37D3FF71B3}.Debug|iPhoneSimulator.Build.0 = Debug|Any CPU
		{4F362209-B2ED-4F44-917E-2E37D3FF71B3}.Debug|x64.ActiveCfg = Debug|Any CPU
		{4F362209-B2ED-4F44-917E-2E37D3FF71B3}.Debug|x64.Build.0 = Debug|Any CPU
		{4F362209-B2ED-4F44-917E-2E37D3FF71B3}.Debug|x86.ActiveCfg = Debug|Any CPU
		{4F362209-B2ED-4F44-917E-2E37D3FF71B3}.Debug|x86.Build.0 = Debug|Any CPU
		{4F362209-B2ED-4F44-917E-2E37D3FF71B3}.Release|Any CPU.ActiveCfg = Release|Any CPU
		{4F362209-B2ED-4F44-917E-2E37D3FF71B3}.Release|Any CPU.Build.0 = Release|Any CPU
		{4F362209-B2ED-4F44-917E-2E37D3FF71B3}.Release|iPhone.ActiveCfg = Release|Any CPU
		{4F362209-B2ED-4F44-917E-2E37D3FF71B3}.Release|iPhone.Build.0 = Release|Any CPU
		{4F362209-B2ED-4F44-917E-2E37D3FF71B3}.Release|iPhoneSimulator.ActiveCfg = Release|Any CPU
		{4F362209-B2ED-4F44-917E-2E37D3FF71B3}.Release|iPhoneSimulator.Build.0 = Release|Any CPU
		{4F362209-B2ED-4F44-917E-2E37D3FF71B3}.Release|x64.ActiveCfg = Release|Any CPU
		{4F362209-B2ED-4F44-917E-2E37D3FF71B3}.Release|x64.Build.0 = Release|Any CPU
		{4F362209-B2ED-4F44-917E-2E37D3FF71B3}.Release|x86.ActiveCfg = Release|Any CPU
		{4F362209-B2ED-4F44-917E-2E37D3FF71B3}.Release|x86.Build.0 = Release|Any CPU
		{2F8CD919-10AE-4DE1-B9AF-CAE9074C2174}.Debug|Any CPU.ActiveCfg = Debug|Any CPU
		{2F8CD919-10AE-4DE1-B9AF-CAE9074C2174}.Debug|Any CPU.Build.0 = Debug|Any CPU
		{2F8CD919-10AE-4DE1-B9AF-CAE9074C2174}.Debug|iPhone.ActiveCfg = Debug|Any CPU
		{2F8CD919-10AE-4DE1-B9AF-CAE9074C2174}.Debug|iPhone.Build.0 = Debug|Any CPU
		{2F8CD919-10AE-4DE1-B9AF-CAE9074C2174}.Debug|iPhoneSimulator.ActiveCfg = Debug|Any CPU
		{2F8CD919-10AE-4DE1-B9AF-CAE9074C2174}.Debug|iPhoneSimulator.Build.0 = Debug|Any CPU
		{2F8CD919-10AE-4DE1-B9AF-CAE9074C2174}.Debug|x64.ActiveCfg = Debug|Any CPU
		{2F8CD919-10AE-4DE1-B9AF-CAE9074C2174}.Debug|x64.Build.0 = Debug|Any CPU
		{2F8CD919-10AE-4DE1-B9AF-CAE9074C2174}.Debug|x86.ActiveCfg = Debug|Any CPU
		{2F8CD919-10AE-4DE1-B9AF-CAE9074C2174}.Debug|x86.Build.0 = Debug|Any CPU
		{2F8CD919-10AE-4DE1-B9AF-CAE9074C2174}.Release|Any CPU.ActiveCfg = Release|Any CPU
		{2F8CD919-10AE-4DE1-B9AF-CAE9074C2174}.Release|Any CPU.Build.0 = Release|Any CPU
		{2F8CD919-10AE-4DE1-B9AF-CAE9074C2174}.Release|iPhone.ActiveCfg = Release|Any CPU
		{2F8CD919-10AE-4DE1-B9AF-CAE9074C2174}.Release|iPhone.Build.0 = Release|Any CPU
		{2F8CD919-10AE-4DE1-B9AF-CAE9074C2174}.Release|iPhoneSimulator.ActiveCfg = Release|Any CPU
		{2F8CD919-10AE-4DE1-B9AF-CAE9074C2174}.Release|iPhoneSimulator.Build.0 = Release|Any CPU
		{2F8CD919-10AE-4DE1-B9AF-CAE9074C2174}.Release|x64.ActiveCfg = Release|Any CPU
		{2F8CD919-10AE-4DE1-B9AF-CAE9074C2174}.Release|x64.Build.0 = Release|Any CPU
		{2F8CD919-10AE-4DE1-B9AF-CAE9074C2174}.Release|x86.ActiveCfg = Release|Any CPU
		{2F8CD919-10AE-4DE1-B9AF-CAE9074C2174}.Release|x86.Build.0 = Release|Any CPU
		{B8110678-73CB-40C6-AE1C-322C5F343EAA}.Debug|Any CPU.ActiveCfg = Debug|Any CPU
		{B8110678-73CB-40C6-AE1C-322C5F343EAA}.Debug|Any CPU.Build.0 = Debug|Any CPU
		{B8110678-73CB-40C6-AE1C-322C5F343EAA}.Debug|iPhone.ActiveCfg = Debug|Any CPU
		{B8110678-73CB-40C6-AE1C-322C5F343EAA}.Debug|iPhone.Build.0 = Debug|Any CPU
		{B8110678-73CB-40C6-AE1C-322C5F343EAA}.Debug|iPhoneSimulator.ActiveCfg = Debug|Any CPU
		{B8110678-73CB-40C6-AE1C-322C5F343EAA}.Debug|iPhoneSimulator.Build.0 = Debug|Any CPU
		{B8110678-73CB-40C6-AE1C-322C5F343EAA}.Debug|x64.ActiveCfg = Debug|Any CPU
		{B8110678-73CB-40C6-AE1C-322C5F343EAA}.Debug|x64.Build.0 = Debug|Any CPU
		{B8110678-73CB-40C6-AE1C-322C5F343EAA}.Debug|x86.ActiveCfg = Debug|Any CPU
		{B8110678-73CB-40C6-AE1C-322C5F343EAA}.Debug|x86.Build.0 = Debug|Any CPU
		{B8110678-73CB-40C6-AE1C-322C5F343EAA}.Release|Any CPU.ActiveCfg = Release|Any CPU
		{B8110678-73CB-40C6-AE1C-322C5F343EAA}.Release|Any CPU.Build.0 = Release|Any CPU
		{B8110678-73CB-40C6-AE1C-322C5F343EAA}.Release|iPhone.ActiveCfg = Release|Any CPU
		{B8110678-73CB-40C6-AE1C-322C5F343EAA}.Release|iPhone.Build.0 = Release|Any CPU
		{B8110678-73CB-40C6-AE1C-322C5F343EAA}.Release|iPhoneSimulator.ActiveCfg = Release|Any CPU
		{B8110678-73CB-40C6-AE1C-322C5F343EAA}.Release|iPhoneSimulator.Build.0 = Release|Any CPU
		{B8110678-73CB-40C6-AE1C-322C5F343EAA}.Release|x64.ActiveCfg = Release|Any CPU
		{B8110678-73CB-40C6-AE1C-322C5F343EAA}.Release|x64.Build.0 = Release|Any CPU
		{B8110678-73CB-40C6-AE1C-322C5F343EAA}.Release|x86.ActiveCfg = Release|Any CPU
		{B8110678-73CB-40C6-AE1C-322C5F343EAA}.Release|x86.Build.0 = Release|Any CPU
		{472645BB-BB11-4CC2-87AA-D43A47F2E429}.Debug|Any CPU.ActiveCfg = Debug|Any CPU
		{472645BB-BB11-4CC2-87AA-D43A47F2E429}.Debug|Any CPU.Build.0 = Debug|Any CPU
		{472645BB-BB11-4CC2-87AA-D43A47F2E429}.Debug|iPhone.ActiveCfg = Debug|Any CPU
		{472645BB-BB11-4CC2-87AA-D43A47F2E429}.Debug|iPhone.Build.0 = Debug|Any CPU
		{472645BB-BB11-4CC2-87AA-D43A47F2E429}.Debug|iPhoneSimulator.ActiveCfg = Debug|Any CPU
		{472645BB-BB11-4CC2-87AA-D43A47F2E429}.Debug|iPhoneSimulator.Build.0 = Debug|Any CPU
		{472645BB-BB11-4CC2-87AA-D43A47F2E429}.Debug|x64.ActiveCfg = Debug|Any CPU
		{472645BB-BB11-4CC2-87AA-D43A47F2E429}.Debug|x64.Build.0 = Debug|Any CPU
		{472645BB-BB11-4CC2-87AA-D43A47F2E429}.Debug|x86.ActiveCfg = Debug|Any CPU
		{472645BB-BB11-4CC2-87AA-D43A47F2E429}.Debug|x86.Build.0 = Debug|Any CPU
		{472645BB-BB11-4CC2-87AA-D43A47F2E429}.Release|Any CPU.ActiveCfg = Release|Any CPU
		{472645BB-BB11-4CC2-87AA-D43A47F2E429}.Release|Any CPU.Build.0 = Release|Any CPU
		{472645BB-BB11-4CC2-87AA-D43A47F2E429}.Release|iPhone.ActiveCfg = Release|Any CPU
		{472645BB-BB11-4CC2-87AA-D43A47F2E429}.Release|iPhone.Build.0 = Release|Any CPU
		{472645BB-BB11-4CC2-87AA-D43A47F2E429}.Release|iPhoneSimulator.ActiveCfg = Release|Any CPU
		{472645BB-BB11-4CC2-87AA-D43A47F2E429}.Release|iPhoneSimulator.Build.0 = Release|Any CPU
		{472645BB-BB11-4CC2-87AA-D43A47F2E429}.Release|x64.ActiveCfg = Release|Any CPU
		{472645BB-BB11-4CC2-87AA-D43A47F2E429}.Release|x64.Build.0 = Release|Any CPU
		{472645BB-BB11-4CC2-87AA-D43A47F2E429}.Release|x86.ActiveCfg = Release|Any CPU
		{472645BB-BB11-4CC2-87AA-D43A47F2E429}.Release|x86.Build.0 = Release|Any CPU
		{35D42CD5-384E-4586-8C00-D8EE2DAE089D}.Debug|Any CPU.ActiveCfg = Debug|Any CPU
		{35D42CD5-384E-4586-8C00-D8EE2DAE089D}.Debug|Any CPU.Build.0 = Debug|Any CPU
		{35D42CD5-384E-4586-8C00-D8EE2DAE089D}.Debug|iPhone.ActiveCfg = Debug|Any CPU
		{35D42CD5-384E-4586-8C00-D8EE2DAE089D}.Debug|iPhone.Build.0 = Debug|Any CPU
		{35D42CD5-384E-4586-8C00-D8EE2DAE089D}.Debug|iPhoneSimulator.ActiveCfg = Debug|Any CPU
		{35D42CD5-384E-4586-8C00-D8EE2DAE089D}.Debug|iPhoneSimulator.Build.0 = Debug|Any CPU
		{35D42CD5-384E-4586-8C00-D8EE2DAE089D}.Debug|x64.ActiveCfg = Debug|Any CPU
		{35D42CD5-384E-4586-8C00-D8EE2DAE089D}.Debug|x64.Build.0 = Debug|Any CPU
		{35D42CD5-384E-4586-8C00-D8EE2DAE089D}.Debug|x86.ActiveCfg = Debug|Any CPU
		{35D42CD5-384E-4586-8C00-D8EE2DAE089D}.Debug|x86.Build.0 = Debug|Any CPU
		{35D42CD5-384E-4586-8C00-D8EE2DAE089D}.Release|Any CPU.ActiveCfg = Release|Any CPU
		{35D42CD5-384E-4586-8C00-D8EE2DAE089D}.Release|Any CPU.Build.0 = Release|Any CPU
		{35D42CD5-384E-4586-8C00-D8EE2DAE089D}.Release|iPhone.ActiveCfg = Release|Any CPU
		{35D42CD5-384E-4586-8C00-D8EE2DAE089D}.Release|iPhone.Build.0 = Release|Any CPU
		{35D42CD5-384E-4586-8C00-D8EE2DAE089D}.Release|iPhoneSimulator.ActiveCfg = Release|Any CPU
		{35D42CD5-384E-4586-8C00-D8EE2DAE089D}.Release|iPhoneSimulator.Build.0 = Release|Any CPU
		{35D42CD5-384E-4586-8C00-D8EE2DAE089D}.Release|x64.ActiveCfg = Release|Any CPU
		{35D42CD5-384E-4586-8C00-D8EE2DAE089D}.Release|x64.Build.0 = Release|Any CPU
		{35D42CD5-384E-4586-8C00-D8EE2DAE089D}.Release|x86.ActiveCfg = Release|Any CPU
		{35D42CD5-384E-4586-8C00-D8EE2DAE089D}.Release|x86.Build.0 = Release|Any CPU
		{69E528E2-1D11-417C-AA0C-FBEDE08CF1C2}.Debug|Any CPU.ActiveCfg = Debug|Any CPU
		{69E528E2-1D11-417C-AA0C-FBEDE08CF1C2}.Debug|Any CPU.Build.0 = Debug|Any CPU
		{69E528E2-1D11-417C-AA0C-FBEDE08CF1C2}.Debug|Any CPU.Deploy.0 = Debug|Any CPU
		{69E528E2-1D11-417C-AA0C-FBEDE08CF1C2}.Debug|iPhone.ActiveCfg = Debug|Any CPU
		{69E528E2-1D11-417C-AA0C-FBEDE08CF1C2}.Debug|iPhone.Build.0 = Debug|Any CPU
		{69E528E2-1D11-417C-AA0C-FBEDE08CF1C2}.Debug|iPhone.Deploy.0 = Debug|Any CPU
		{69E528E2-1D11-417C-AA0C-FBEDE08CF1C2}.Debug|iPhoneSimulator.ActiveCfg = Debug|Any CPU
		{69E528E2-1D11-417C-AA0C-FBEDE08CF1C2}.Debug|iPhoneSimulator.Build.0 = Debug|Any CPU
		{69E528E2-1D11-417C-AA0C-FBEDE08CF1C2}.Debug|iPhoneSimulator.Deploy.0 = Debug|Any CPU
		{69E528E2-1D11-417C-AA0C-FBEDE08CF1C2}.Debug|x64.ActiveCfg = Debug|Any CPU
		{69E528E2-1D11-417C-AA0C-FBEDE08CF1C2}.Debug|x64.Build.0 = Debug|Any CPU
		{69E528E2-1D11-417C-AA0C-FBEDE08CF1C2}.Debug|x64.Deploy.0 = Debug|Any CPU
		{69E528E2-1D11-417C-AA0C-FBEDE08CF1C2}.Debug|x86.ActiveCfg = Debug|Any CPU
		{69E528E2-1D11-417C-AA0C-FBEDE08CF1C2}.Debug|x86.Build.0 = Debug|Any CPU
		{69E528E2-1D11-417C-AA0C-FBEDE08CF1C2}.Debug|x86.Deploy.0 = Debug|Any CPU
		{69E528E2-1D11-417C-AA0C-FBEDE08CF1C2}.Release|Any CPU.ActiveCfg = Release|Any CPU
		{69E528E2-1D11-417C-AA0C-FBEDE08CF1C2}.Release|Any CPU.Build.0 = Release|Any CPU
		{69E528E2-1D11-417C-AA0C-FBEDE08CF1C2}.Release|Any CPU.Deploy.0 = Release|Any CPU
		{69E528E2-1D11-417C-AA0C-FBEDE08CF1C2}.Release|iPhone.ActiveCfg = Release|Any CPU
		{69E528E2-1D11-417C-AA0C-FBEDE08CF1C2}.Release|iPhone.Build.0 = Release|Any CPU
		{69E528E2-1D11-417C-AA0C-FBEDE08CF1C2}.Release|iPhone.Deploy.0 = Release|Any CPU
		{69E528E2-1D11-417C-AA0C-FBEDE08CF1C2}.Release|iPhoneSimulator.ActiveCfg = Release|Any CPU
		{69E528E2-1D11-417C-AA0C-FBEDE08CF1C2}.Release|iPhoneSimulator.Build.0 = Release|Any CPU
		{69E528E2-1D11-417C-AA0C-FBEDE08CF1C2}.Release|iPhoneSimulator.Deploy.0 = Release|Any CPU
		{69E528E2-1D11-417C-AA0C-FBEDE08CF1C2}.Release|x64.ActiveCfg = Release|Any CPU
		{69E528E2-1D11-417C-AA0C-FBEDE08CF1C2}.Release|x64.Build.0 = Release|Any CPU
		{69E528E2-1D11-417C-AA0C-FBEDE08CF1C2}.Release|x64.Deploy.0 = Release|Any CPU
		{69E528E2-1D11-417C-AA0C-FBEDE08CF1C2}.Release|x86.ActiveCfg = Release|Any CPU
		{69E528E2-1D11-417C-AA0C-FBEDE08CF1C2}.Release|x86.Build.0 = Release|Any CPU
		{69E528E2-1D11-417C-AA0C-FBEDE08CF1C2}.Release|x86.Deploy.0 = Release|Any CPU
	EndGlobalSection
	GlobalSection(SolutionProperties) = preSolution
		HideSolutionNode = FALSE
	EndGlobalSection
	GlobalSection(NestedProjects) = preSolution
		{425E1B2E-0B03-4DE7-85E9-BD1C0FCBB94B} = {ADAA576D-011D-48EF-BA0F-1F9D03833D7E}
		{A98C8306-D566-46CF-9340-5A749731BC5F} = {ADAA576D-011D-48EF-BA0F-1F9D03833D7E}
		{4F362209-B2ED-4F44-917E-2E37D3FF71B3} = {ADAA576D-011D-48EF-BA0F-1F9D03833D7E}
		{2F8CD919-10AE-4DE1-B9AF-CAE9074C2174} = {ADAA576D-011D-48EF-BA0F-1F9D03833D7E}
		{B8110678-73CB-40C6-AE1C-322C5F343EAA} = {ADAA576D-011D-48EF-BA0F-1F9D03833D7E}
		{472645BB-BB11-4CC2-87AA-D43A47F2E429} = {891A48AA-DA43-49D4-A499-3124561E7CD9}
		{35D42CD5-384E-4586-8C00-D8EE2DAE089D} = {F77673CD-4DBC-4FF4-A525-44A1B34FA951}
		{75AD0613-0CE3-462F-9489-DB08E631109B} = {1001A0F3-B53F-4A10-A867-D12E08500EC3}
		{69E528E2-1D11-417C-AA0C-FBEDE08CF1C2} = {75AD0613-0CE3-462F-9489-DB08E631109B}
	EndGlobalSection
	GlobalSection(ExtensibilityGlobals) = postSolution
		SolutionGuid = {AB00E3BB-1C87-40B7-9B60-74B7DB5E592D}
	EndGlobalSection
EndGlobal
