Microsoft Visual Studio Solution File, Format Version 12.00
# Visual Studio Version 16
VisualStudioVersion = 16.0.0.0
MinimumVisualStudioVersion = 16.0.0.0
Project("{9A19103F-16F7-4668-BE54-9A1E7A4F7556}") = "TopLoggerPlus.Mobile", "TopLoggerPlus.Mobile\TopLoggerPlus.Mobile.csproj", "{425E1B2E-0B03-4DE7-85E9-BD1C0FCBB94B}"
EndProject
Project("{FAE04EC0-301F-11D3-BF4B-00C04F79EFBC}") = "TopLoggerPlus.Mobile.Android", "TopLoggerPlus.Mobile.Android\TopLoggerPlus.Mobile.Android.csproj", "{A98C8306-D566-46CF-9340-5A749731BC5F}"
EndProject
Project("{FAE04EC0-301F-11D3-BF4B-00C04F79EFBC}") = "TopLoggerPlus.Mobile.iOS", "TopLoggerPlus.Mobile.iOS\TopLoggerPlus.Mobile.iOS.csproj", "{10C139FA-74EA-46FD-8B2D-8D1B2D4D327B}"
EndProject
Project("{9A19103F-16F7-4668-BE54-9A1E7A4F7556}") = "TopLoggerPlus.Mobile.Windows", "TopLoggerPlus.Mobile.Windows\TopLoggerPlus.Mobile.Windows.csproj", "{488E8A45-96E7-4B80-B956-7E8FB47C25F2}"
EndProject
Project("{FAE04EC0-301F-11D3-BF4B-00C04F79EFBC}") = "TopLoggerPlus.Mobile.macOS", "TopLoggerPlus.Mobile.macOS\TopLoggerPlus.Mobile.macOS.csproj", "{1417B79E-F74B-431E-A169-8E874EF034A3}"
EndProject
Project("{9A19103F-16F7-4668-BE54-9A1E7A4F7556}") = "TopLoggerPlus.Logic", "TopLoggerPlus.Logic\TopLoggerPlus.Logic.csproj", "{4F362209-B2ED-4F44-917E-2E37D3FF71B3}"
EndProject
Project("{FAE04EC0-301F-11D3-BF4B-00C04F79EFBC}") = "TopLoggerPlus.ApiWrapper", "TopLoggerPlus.ApiWrapper\TopLoggerPlus.ApiWrapper.csproj", "{2F8CD919-10AE-4DE1-B9AF-CAE9074C2174}"
EndProject
Global
	GlobalSection(SolutionConfigurationPlatforms) = preSolution
		Debug|Any CPU = Debug|Any CPU
		Debug|iPhone = Debug|iPhone
		Debug|iPhoneSimulator = Debug|iPhoneSimulator
		Debug|x64 = Debug|x64
		Debug|x86 = Debug|x86
		Release|Any CPU = Release|Any CPU
		Release|iPhone = Release|iPhone
		Release|iPhoneSimulator = Release|iPhoneSimulator
		Release|x64 = Release|x64
		Release|x86 = Release|x86
	EndGlobalSection
	GlobalSection(ProjectConfigurationPlatforms) = postSolution
		{425E1B2E-0B03-4DE7-85E9-BD1C0FCBB94B}.Debug|Any CPU.ActiveCfg = Debug|Any CPU
		{425E1B2E-0B03-4DE7-85E9-BD1C0FCBB94B}.Debug|Any CPU.Build.0 = Debug|Any CPU
		{425E1B2E-0B03-4DE7-85E9-BD1C0FCBB94B}.Debug|iPhone.ActiveCfg = Debug|Any CPU
		{425E1B2E-0B03-4DE7-85E9-BD1C0FCBB94B}.Debug|iPhone.Build.0 = Debug|Any CPU
		{425E1B2E-0B03-4DE7-85E9-BD1C0FCBB94B}.Debug|iPhoneSimulator.ActiveCfg = Debug|Any CPU
		{425E1B2E-0B03-4DE7-85E9-BD1C0FCBB94B}.Debug|iPhoneSimulator.Build.0 = Debug|Any CPU
		{425E1B2E-0B03-4DE7-85E9-BD1C0FCBB94B}.Debug|x64.ActiveCfg = Debug|Any CPU
		{425E1B2E-0B03-4DE7-85E9-BD1C0FCBB94B}.Debug|x64.Build.0 = Debug|Any CPU
		{425E1B2E-0B03-4DE7-85E9-BD1C0FCBB94B}.Debug|x86.ActiveCfg = Debug|Any CPU
		{425E1B2E-0B03-4DE7-85E9-BD1C0FCBB94B}.Debug|x86.Build.0 = Debug|Any CPU
		{425E1B2E-0B03-4DE7-85E9-BD1C0FCBB94B}.Release|Any CPU.ActiveCfg = Release|Any CPU
		{425E1B2E-0B03-4DE7-85E9-BD1C0FCBB94B}.Release|Any CPU.Build.0 = Release|Any CPU
		{425E1B2E-0B03-4DE7-85E9-BD1C0FCBB94B}.Release|iPhone.ActiveCfg = Release|Any CPU
		{425E1B2E-0B03-4DE7-85E9-BD1C0FCBB94B}.Release|iPhone.Build.0 = Release|Any CPU
		{425E1B2E-0B03-4DE7-85E9-BD1C0FCBB94B}.Release|iPhoneSimulator.ActiveCfg = Release|Any CPU
		{425E1B2E-0B03-4DE7-85E9-BD1C0FCBB94B}.Release|iPhoneSimulator.Build.0 = Release|Any CPU
		{425E1B2E-0B03-4DE7-85E9-BD1C0FCBB94B}.Release|x64.ActiveCfg = Release|Any CPU
		{425E1B2E-0B03-4DE7-85E9-BD1C0FCBB94B}.Release|x64.Build.0 = Release|Any CPU
		{425E1B2E-0B03-4DE7-85E9-BD1C0FCBB94B}.Release|x86.ActiveCfg = Release|Any CPU
		{425E1B2E-0B03-4DE7-85E9-BD1C0FCBB94B}.Release|x86.Build.0 = Release|Any CPU
		{A98C8306-D566-46CF-9340-5A749731BC5F}.Debug|Any CPU.ActiveCfg = Debug|Any CPU
		{A98C8306-D566-46CF-9340-5A749731BC5F}.Debug|Any CPU.Build.0 = Debug|Any CPU
		{A98C8306-D566-46CF-9340-5A749731BC5F}.Debug|Any CPU.Deploy.0 = Debug|Any CPU
		{A98C8306-D566-46CF-9340-5A749731BC5F}.Debug|iPhone.ActiveCfg = Debug|Any CPU
		{A98C8306-D566-46CF-9340-5A749731BC5F}.Debug|iPhone.Build.0 = Debug|Any CPU
		{A98C8306-D566-46CF-9340-5A749731BC5F}.Debug|iPhone.Deploy.0 = Debug|Any CPU
		{A98C8306-D566-46CF-9340-5A749731BC5F}.Debug|iPhoneSimulator.ActiveCfg = Debug|Any CPU
		{A98C8306-D566-46CF-9340-5A749731BC5F}.Debug|iPhoneSimulator.Build.0 = Debug|Any CPU
		{A98C8306-D566-46CF-9340-5A749731BC5F}.Debug|iPhoneSimulator.Deploy.0 = Debug|Any CPU
		{A98C8306-D566-46CF-9340-5A749731BC5F}.Debug|x64.ActiveCfg = Debug|Any CPU
		{A98C8306-D566-46CF-9340-5A749731BC5F}.Debug|x64.Build.0 = Debug|Any CPU
		{A98C8306-D566-46CF-9340-5A749731BC5F}.Debug|x64.Deploy.0 = Debug|Any CPU
		{A98C8306-D566-46CF-9340-5A749731BC5F}.Debug|x86.ActiveCfg = Debug|Any CPU
		{A98C8306-D566-46CF-9340-5A749731BC5F}.Debug|x86.Build.0 = Debug|Any CPU
		{A98C8306-D566-46CF-9340-5A749731BC5F}.Debug|x86.Deploy.0 = Debug|Any CPU
		{A98C8306-D566-46CF-9340-5A749731BC5F}.Release|Any CPU.ActiveCfg = Release|Any CPU
		{A98C8306-D566-46CF-9340-5A749731BC5F}.Release|Any CPU.Build.0 = Release|Any CPU
		{A98C8306-D566-46CF-9340-5A749731BC5F}.Release|Any CPU.Deploy.0 = Release|Any CPU
		{A98C8306-D566-46CF-9340-5A749731BC5F}.Release|iPhone.ActiveCfg = Release|Any CPU
		{A98C8306-D566-46CF-9340-5A749731BC5F}.Release|iPhone.Build.0 = Release|Any CPU
		{A98C8306-D566-46CF-9340-5A749731BC5F}.Release|iPhone.Deploy.0 = Release|Any CPU
		{A98C8306-D566-46CF-9340-5A749731BC5F}.Release|iPhoneSimulator.ActiveCfg = Release|Any CPU
		{A98C8306-D566-46CF-9340-5A749731BC5F}.Release|iPhoneSimulator.Build.0 = Release|Any CPU
		{A98C8306-D566-46CF-9340-5A749731BC5F}.Release|iPhoneSimulator.Deploy.0 = Release|Any CPU
		{A98C8306-D566-46CF-9340-5A749731BC5F}.Release|x64.ActiveCfg = Release|Any CPU
		{A98C8306-D566-46CF-9340-5A749731BC5F}.Release|x64.Build.0 = Release|Any CPU
		{A98C8306-D566-46CF-9340-5A749731BC5F}.Release|x64.Deploy.0 = Release|Any CPU
		{A98C8306-D566-46CF-9340-5A749731BC5F}.Release|x86.ActiveCfg = Release|Any CPU
		{A98C8306-D566-46CF-9340-5A749731BC5F}.Release|x86.Build.0 = Release|Any CPU
		{A98C8306-D566-46CF-9340-5A749731BC5F}.Release|x86.Deploy.0 = Release|Any CPU
		{10C139FA-74EA-46FD-8B2D-8D1B2D4D327B}.Debug|Any CPU.ActiveCfg = Debug|iPhone
		{10C139FA-74EA-46FD-8B2D-8D1B2D4D327B}.Debug|iPhone.ActiveCfg = Debug|iPhone
		{10C139FA-74EA-46FD-8B2D-8D1B2D4D327B}.Debug|iPhone.Build.0 = Debug|iPhone
		{10C139FA-74EA-46FD-8B2D-8D1B2D4D327B}.Debug|iPhoneSimulator.ActiveCfg = Debug|iPhoneSimulator
		{10C139FA-74EA-46FD-8B2D-8D1B2D4D327B}.Debug|iPhoneSimulator.Build.0 = Debug|iPhoneSimulator
		{10C139FA-74EA-46FD-8B2D-8D1B2D4D327B}.Debug|x64.ActiveCfg = Debug|iPhone
		{10C139FA-74EA-46FD-8B2D-8D1B2D4D327B}.Debug|x86.ActiveCfg = Debug|iPhone
		{10C139FA-74EA-46FD-8B2D-8D1B2D4D327B}.Release|Any CPU.ActiveCfg = Release|iPhone
		{10C139FA-74EA-46FD-8B2D-8D1B2D4D327B}.Release|iPhone.ActiveCfg = Release|iPhone
		{10C139FA-74EA-46FD-8B2D-8D1B2D4D327B}.Release|iPhone.Build.0 = Release|iPhone
		{10C139FA-74EA-46FD-8B2D-8D1B2D4D327B}.Release|iPhoneSimulator.ActiveCfg = Release|iPhoneSimulator
		{10C139FA-74EA-46FD-8B2D-8D1B2D4D327B}.Release|iPhoneSimulator.Build.0 = Release|iPhoneSimulator
		{10C139FA-74EA-46FD-8B2D-8D1B2D4D327B}.Release|x64.ActiveCfg = Release|iPhone
		{10C139FA-74EA-46FD-8B2D-8D1B2D4D327B}.Release|x86.ActiveCfg = Release|iPhone
		{488E8A45-96E7-4B80-B956-7E8FB47C25F2}.Debug|Any CPU.ActiveCfg = Debug|Any CPU
		{488E8A45-96E7-4B80-B956-7E8FB47C25F2}.Debug|Any CPU.Build.0 = Debug|Any CPU
		{488E8A45-96E7-4B80-B956-7E8FB47C25F2}.Debug|iPhone.ActiveCfg = Debug|Any CPU
		{488E8A45-96E7-4B80-B956-7E8FB47C25F2}.Debug|iPhone.Build.0 = Debug|Any CPU
		{488E8A45-96E7-4B80-B956-7E8FB47C25F2}.Debug|iPhoneSimulator.ActiveCfg = Debug|Any CPU
		{488E8A45-96E7-4B80-B956-7E8FB47C25F2}.Debug|iPhoneSimulator.Build.0 = Debug|Any CPU
		{488E8A45-96E7-4B80-B956-7E8FB47C25F2}.Debug|x64.ActiveCfg = Debug|Any CPU
		{488E8A45-96E7-4B80-B956-7E8FB47C25F2}.Debug|x64.Build.0 = Debug|Any CPU
		{488E8A45-96E7-4B80-B956-7E8FB47C25F2}.Debug|x86.ActiveCfg = Debug|Any CPU
		{488E8A45-96E7-4B80-B956-7E8FB47C25F2}.Debug|x86.Build.0 = Debug|Any CPU
		{488E8A45-96E7-4B80-B956-7E8FB47C25F2}.Release|Any CPU.ActiveCfg = Release|Any CPU
		{488E8A45-96E7-4B80-B956-7E8FB47C25F2}.Release|Any CPU.Build.0 = Release|Any CPU
		{488E8A45-96E7-4B80-B956-7E8FB47C25F2}.Release|iPhone.ActiveCfg = Release|Any CPU
		{488E8A45-96E7-4B80-B956-7E8FB47C25F2}.Release|iPhone.Build.0 = Release|Any CPU
		{488E8A45-96E7-4B80-B956-7E8FB47C25F2}.Release|iPhoneSimulator.ActiveCfg = Release|Any CPU
		{488E8A45-96E7-4B80-B956-7E8FB47C25F2}.Release|iPhoneSimulator.Build.0 = Release|Any CPU
		{488E8A45-96E7-4B80-B956-7E8FB47C25F2}.Release|x64.ActiveCfg = Release|Any CPU
		{488E8A45-96E7-4B80-B956-7E8FB47C25F2}.Release|x64.Build.0 = Release|Any CPU
		{488E8A45-96E7-4B80-B956-7E8FB47C25F2}.Release|x86.ActiveCfg = Release|Any CPU
		{488E8A45-96E7-4B80-B956-7E8FB47C25F2}.Release|x86.Build.0 = Release|Any CPU
		{1417B79E-F74B-431E-A169-8E874EF034A3}.Debug|Any CPU.ActiveCfg = Debug|Any CPU
		{1417B79E-F74B-431E-A169-8E874EF034A3}.Debug|Any CPU.Build.0 = Debug|Any CPU
		{1417B79E-F74B-431E-A169-8E874EF034A3}.Debug|iPhone.ActiveCfg = Debug|Any CPU
		{1417B79E-F74B-431E-A169-8E874EF034A3}.Debug|iPhone.Build.0 = Debug|Any CPU
		{1417B79E-F74B-431E-A169-8E874EF034A3}.Debug|iPhoneSimulator.ActiveCfg = Debug|Any CPU
		{1417B79E-F74B-431E-A169-8E874EF034A3}.Debug|iPhoneSimulator.Build.0 = Debug|Any CPU
		{1417B79E-F74B-431E-A169-8E874EF034A3}.Debug|x64.ActiveCfg = Debug|Any CPU
		{1417B79E-F74B-431E-A169-8E874EF034A3}.Debug|x64.Build.0 = Debug|Any CPU
		{1417B79E-F74B-431E-A169-8E874EF034A3}.Debug|x86.ActiveCfg = Debug|Any CPU
		{1417B79E-F74B-431E-A169-8E874EF034A3}.Debug|x86.Build.0 = Debug|Any CPU
		{1417B79E-F74B-431E-A169-8E874EF034A3}.Release|Any CPU.ActiveCfg = Release|Any CPU
		{1417B79E-F74B-431E-A169-8E874EF034A3}.Release|Any CPU.Build.0 = Release|Any CPU
		{1417B79E-F74B-431E-A169-8E874EF034A3}.Release|iPhone.ActiveCfg = Release|Any CPU
		{1417B79E-F74B-431E-A169-8E874EF034A3}.Release|iPhone.Build.0 = Release|Any CPU
		{1417B79E-F74B-431E-A169-8E874EF034A3}.Release|iPhoneSimulator.ActiveCfg = Release|Any CPU
		{1417B79E-F74B-431E-A169-8E874EF034A3}.Release|iPhoneSimulator.Build.0 = Release|Any CPU
		{1417B79E-F74B-431E-A169-8E874EF034A3}.Release|x64.ActiveCfg = Release|Any CPU
		{1417B79E-F74B-431E-A169-8E874EF034A3}.Release|x64.Build.0 = Release|Any CPU
		{1417B79E-F74B-431E-A169-8E874EF034A3}.Release|x86.ActiveCfg = Release|Any CPU
		{1417B79E-F74B-431E-A169-8E874EF034A3}.Release|x86.Build.0 = Release|Any CPU
		{4F362209-B2ED-4F44-917E-2E37D3FF71B3}.Debug|Any CPU.ActiveCfg = Debug|Any CPU
		{4F362209-B2ED-4F44-917E-2E37D3FF71B3}.Debug|Any CPU.Build.0 = Debug|Any CPU
		{4F362209-B2ED-4F44-917E-2E37D3FF71B3}.Debug|iPhone.ActiveCfg = Debug|Any CPU
		{4F362209-B2ED-4F44-917E-2E37D3FF71B3}.Debug|iPhone.Build.0 = Debug|Any CPU
		{4F362209-B2ED-4F44-917E-2E37D3FF71B3}.Debug|iPhoneSimulator.ActiveCfg = Debug|Any CPU
		{4F362209-B2ED-4F44-917E-2E37D3FF71B3}.Debug|iPhoneSimulator.Build.0 = Debug|Any CPU
		{4F362209-B2ED-4F44-917E-2E37D3FF71B3}.Debug|x64.ActiveCfg = Debug|Any CPU
		{4F362209-B2ED-4F44-917E-2E37D3FF71B3}.Debug|x64.Build.0 = Debug|Any CPU
		{4F362209-B2ED-4F44-917E-2E37D3FF71B3}.Debug|x86.ActiveCfg = Debug|Any CPU
		{4F362209-B2ED-4F44-917E-2E37D3FF71B3}.Debug|x86.Build.0 = Debug|Any CPU
		{4F362209-B2ED-4F44-917E-2E37D3FF71B3}.Release|Any CPU.ActiveCfg = Release|Any CPU
		{4F362209-B2ED-4F44-917E-2E37D3FF71B3}.Release|Any CPU.Build.0 = Release|Any CPU
		{4F362209-B2ED-4F44-917E-2E37D3FF71B3}.Release|iPhone.ActiveCfg = Release|Any CPU
		{4F362209-B2ED-4F44-917E-2E37D3FF71B3}.Release|iPhone.Build.0 = Release|Any CPU
		{4F362209-B2ED-4F44-917E-2E37D3FF71B3}.Release|iPhoneSimulator.ActiveCfg = Release|Any CPU
		{4F362209-B2ED-4F44-917E-2E37D3FF71B3}.Release|iPhoneSimulator.Build.0 = Release|Any CPU
		{4F362209-B2ED-4F44-917E-2E37D3FF71B3}.Release|x64.ActiveCfg = Release|Any CPU
		{4F362209-B2ED-4F44-917E-2E37D3FF71B3}.Release|x64.Build.0 = Release|Any CPU
		{4F362209-B2ED-4F44-917E-2E37D3FF71B3}.Release|x86.ActiveCfg = Release|Any CPU
		{4F362209-B2ED-4F44-917E-2E37D3FF71B3}.Release|x86.Build.0 = Release|Any CPU
		{2F8CD919-10AE-4DE1-B9AF-CAE9074C2174}.Debug|Any CPU.ActiveCfg = Debug|Any CPU
		{2F8CD919-10AE-4DE1-B9AF-CAE9074C2174}.Debug|Any CPU.Build.0 = Debug|Any CPU
		{2F8CD919-10AE-4DE1-B9AF-CAE9074C2174}.Debug|iPhone.ActiveCfg = Debug|Any CPU
		{2F8CD919-10AE-4DE1-B9AF-CAE9074C2174}.Debug|iPhone.Build.0 = Debug|Any CPU
		{2F8CD919-10AE-4DE1-B9AF-CAE9074C2174}.Debug|iPhoneSimulator.ActiveCfg = Debug|Any CPU
		{2F8CD919-10AE-4DE1-B9AF-CAE9074C2174}.Debug|iPhoneSimulator.Build.0 = Debug|Any CPU
		{2F8CD919-10AE-4DE1-B9AF-CAE9074C2174}.Debug|x64.ActiveCfg = Debug|Any CPU
		{2F8CD919-10AE-4DE1-B9AF-CAE9074C2174}.Debug|x64.Build.0 = Debug|Any CPU
		{2F8CD919-10AE-4DE1-B9AF-CAE9074C2174}.Debug|x86.ActiveCfg = Debug|Any CPU
		{2F8CD919-10AE-4DE1-B9AF-CAE9074C2174}.Debug|x86.Build.0 = Debug|Any CPU
		{2F8CD919-10AE-4DE1-B9AF-CAE9074C2174}.Release|Any CPU.ActiveCfg = Release|Any CPU
		{2F8CD919-10AE-4DE1-B9AF-CAE9074C2174}.Release|Any CPU.Build.0 = Release|Any CPU
		{2F8CD919-10AE-4DE1-B9AF-CAE9074C2174}.Release|iPhone.ActiveCfg = Release|Any CPU
		{2F8CD919-10AE-4DE1-B9AF-CAE9074C2174}.Release|iPhone.Build.0 = Release|Any CPU
		{2F8CD919-10AE-4DE1-B9AF-CAE9074C2174}.Release|iPhoneSimulator.ActiveCfg = Release|Any CPU
		{2F8CD919-10AE-4DE1-B9AF-CAE9074C2174}.Release|iPhoneSimulator.Build.0 = Release|Any CPU
		{2F8CD919-10AE-4DE1-B9AF-CAE9074C2174}.Release|x64.ActiveCfg = Release|Any CPU
		{2F8CD919-10AE-4DE1-B9AF-CAE9074C2174}.Release|x64.Build.0 = Release|Any CPU
		{2F8CD919-10AE-4DE1-B9AF-CAE9074C2174}.Release|x86.ActiveCfg = Release|Any CPU
		{2F8CD919-10AE-4DE1-B9AF-CAE9074C2174}.Release|x86.Build.0 = Release|Any CPU
	EndGlobalSection
	GlobalSection(SolutionProperties) = preSolution
		HideSolutionNode = FALSE
	EndGlobalSection
	GlobalSection(ExtensibilityGlobals) = postSolution
		SolutionGuid = {AB00E3BB-1C87-40B7-9B60-74B7DB5E592D}
	EndGlobalSection
EndGlobal
